{
  "pins" : [
    {
      "identity" : "alerttoast",
      "kind" : "remoteSourceControl",
      "location" : "https://github.com/elai950/AlertToast",
      "state" : {
        "revision" : "b39252eacd159904afd7d718bba0afabb87f2f2f",
        "version" : "1.3.9"
      }
    },
    {
      "identity" : "swiftnfc",
      "kind" : "remoteSourceControl",
      "location" : "https://github.com/serotonincrash/SwiftNFC",
      "state" : {
        "branch" : "error-handling",
        "revision" : "31194c7d46a0724ec2e4c14a35e5ef5788b07915"
      }
    },
    {
      "identity" : "swiftuinfc",
      "kind" : "remoteSourceControl",
      "location" : "https://github.com/swiftinsg/SwiftUINFC/",
      "state" : {
        "revision" : "4e58bb0dba26d9e4160c5e7c4d0657c95b996b13",
        "version" : "1.0.0"
      }
    }
  ],
  "version" : 2
}
