{
  "originHash" : "5554caaf09a2549f3920ff01854ac6be00d3f0308042c4b8eab97151f0fa4e8a",
  "pins" : [
    {
      "identity" : "swiftnfc",
      "kind" : "remoteSourceControl",
      "location" : "https://github.com/serotonincrash/SwiftNFC",
      "state" : {
        "branch" : "error-handling",
        "revision" : "31194c7d46a0724ec2e4c14a35e5ef5788b07915"
      }
    },
    {
      "identity" : "swiftuinfc",
      "kind" : "remoteSourceControl",
      "location" : "https://github.com/swiftinsg/SwiftUINFC/",
      "state" : {
        "revision" : "4e58bb0dba26d9e4160c5e7c4d0657c95b996b13",
        "version" : "1.0.0"
      }
    }
  ],
  "version" : 3
}
