// !$*UTF8*$!
{
	archiveVersion = 1;
	classes = {
	};
	objectVersion = 56;
	objects = {

/* Begin PBXBuildFile section */
		1A0BB4042AFE04CD00A19359 /* EditStudentView.swift in Sources */ = {isa = PBXBuildFile; fileRef = 1A0BB4032AFE04CD00A19359 /* EditStudentView.swift */; };
		1A0BB4072AFE3AFA00A19359 /* AlertToast in Frameworks */ = {isa = PBXBuildFile; productRef = 1A0BB4062AFE3AFA00A19359 /* AlertToast */; };
		1A0C263F2A90BC5E002FE50E /* CHENApp.swift in Sources */ = {isa = PBXBuildFile; fileRef = 1A0C263E2A90BC5E002FE50E /* CHENApp.swift */; };
		1A0C26412A90BC5E002FE50E /* HomeView.swift in Sources */ = {isa = PBXBuildFile; fileRef = 1A0C26402A90BC5E002FE50E /* HomeView.swift */; };
		1A0C26432A90BC60002FE50E /* Assets.xcassets in Resources */ = {isa = PBXBuildFile; fileRef = 1A0C26422A90BC60002FE50E /* Assets.xcassets */; };
		1A0C26462A90BC60002FE50E /* Preview Assets.xcassets in Resources */ = {isa = PBXBuildFile; fileRef = 1A0C26452A90BC60002FE50E /* Preview Assets.xcassets */; };
		1A0C26562A90C4AE002FE50E /* ScanView.swift in Sources */ = {isa = PBXBuildFile; fileRef = 1A0C26552A90C4AE002FE50E /* ScanView.swift */; };
		1A1A5B112A90D06A00B6FDDD /* ManageStudentsView.swift in Sources */ = {isa = PBXBuildFile; fileRef = 1A1A5B102A90D06A00B6FDDD /* ManageStudentsView.swift */; };
		1A1A5B132A90D75800B6FDDD /* StudentView.swift in Sources */ = {isa = PBXBuildFile; fileRef = 1A1A5B122A90D75800B6FDDD /* StudentView.swift */; };
		1A1A5B182A90DD8600B6FDDD /* CHEN.xcdatamodeld in Sources */ = {isa = PBXBuildFile; fileRef = 1A1A5B162A90DD8500B6FDDD /* CHEN.xcdatamodeld */; };
		1A1A5B202A90E14A00B6FDDD /* DataController.swift in Sources */ = {isa = PBXBuildFile; fileRef = 1A1A5B1F2A90E14A00B6FDDD /* DataController.swift */; };
		1A25B7082AE3E17C00A2B636 /* SelectLessonView.swift in Sources */ = {isa = PBXBuildFile; fileRef = 1A25B7072AE3E17C00A2B636 /* SelectLessonView.swift */; };
		1AE456882AA56BE3009CEE12 /* ManageLessonsView.swift in Sources */ = {isa = PBXBuildFile; fileRef = 1AE456872AA56BE3009CEE12 /* ManageLessonsView.swift */; };
		1AE456972AA5C609009CEE12 /* SwiftNFC in Frameworks */ = {isa = PBXBuildFile; productRef = 1AE456962AA5C609009CEE12 /* SwiftNFC */; };
		1AE456992AC92059009CEE12 /* LessonView.swift in Sources */ = {isa = PBXBuildFile; fileRef = 1AE456982AC92059009CEE12 /* LessonView.swift */; };
		1AE4569B2AC92C33009CEE12 /* AddStudentSheet.swift in Sources */ = {isa = PBXBuildFile; fileRef = 1AE4569A2AC92C33009CEE12 /* AddStudentSheet.swift */; };
		1AE4569D2AC951C7009CEE12 /* AddLessonSheet.swift in Sources */ = {isa = PBXBuildFile; fileRef = 1AE4569C2AC951C7009CEE12 /* AddLessonSheet.swift */; };
/* End PBXBuildFile section */

/* Begin PBXFileReference section */
		1A0BB4032AFE04CD00A19359 /* EditStudentView.swift */ = {isa = PBXFileReference; lastKnownFileType = sourcecode.swift; path = EditStudentView.swift; sourceTree = "<group>"; };
		1A0C263B2A90BC5E002FE50E /* CHEN.app */ = {isa = PBXFileReference; explicitFileType = wrapper.application; includeInIndex = 0; path = CHEN.app; sourceTree = BUILT_PRODUCTS_DIR; };
		1A0C263E2A90BC5E002FE50E /* CHENApp.swift */ = {isa = PBXFileReference; lastKnownFileType = sourcecode.swift; path = CHENApp.swift; sourceTree = "<group>"; };
		1A0C26402A90BC5E002FE50E /* HomeView.swift */ = {isa = PBXFileReference; lastKnownFileType = sourcecode.swift; path = HomeView.swift; sourceTree = "<group>"; };
		1A0C26422A90BC60002FE50E /* Assets.xcassets */ = {isa = PBXFileReference; lastKnownFileType = folder.assetcatalog; path = Assets.xcassets; sourceTree = "<group>"; };
		1A0C26452A90BC60002FE50E /* Preview Assets.xcassets */ = {isa = PBXFileReference; lastKnownFileType = folder.assetcatalog; path = "Preview Assets.xcassets"; sourceTree = "<group>"; };
		1A0C264E2A90BF7B002FE50E /* CHEN.entitlements */ = {isa = PBXFileReference; lastKnownFileType = text.plist.entitlements; path = CHEN.entitlements; sourceTree = "<group>"; };
		1A0C26552A90C4AE002FE50E /* ScanView.swift */ = {isa = PBXFileReference; lastKnownFileType = sourcecode.swift; path = ScanView.swift; sourceTree = "<group>"; };
		1A1A5B102A90D06A00B6FDDD /* ManageStudentsView.swift */ = {isa = PBXFileReference; lastKnownFileType = sourcecode.swift; path = ManageStudentsView.swift; sourceTree = "<group>"; };
		1A1A5B122A90D75800B6FDDD /* StudentView.swift */ = {isa = PBXFileReference; lastKnownFileType = sourcecode.swift; path = StudentView.swift; sourceTree = "<group>"; };
		1A1A5B172A90DD8500B6FDDD /* CHEN.xcdatamodel */ = {isa = PBXFileReference; lastKnownFileType = wrapper.xcdatamodel; path = CHEN.xcdatamodel; sourceTree = "<group>"; };
		1A1A5B1F2A90E14A00B6FDDD /* DataController.swift */ = {isa = PBXFileReference; lastKnownFileType = sourcecode.swift; path = DataController.swift; sourceTree = "<group>"; };
		1A25B7072AE3E17C00A2B636 /* SelectLessonView.swift */ = {isa = PBXFileReference; lastKnownFileType = sourcecode.swift; path = SelectLessonView.swift; sourceTree = "<group>"; };
		1AE456872AA56BE3009CEE12 /* ManageLessonsView.swift */ = {isa = PBXFileReference; lastKnownFileType = sourcecode.swift; path = ManageLessonsView.swift; sourceTree = "<group>"; };
		1AE456982AC92059009CEE12 /* LessonView.swift */ = {isa = PBXFileReference; lastKnownFileType = sourcecode.swift; path = LessonView.swift; sourceTree = "<group>"; };
		1AE4569A2AC92C33009CEE12 /* AddStudentSheet.swift */ = {isa = PBXFileReference; lastKnownFileType = sourcecode.swift; path = AddStudentSheet.swift; sourceTree = "<group>"; };
		1AE4569C2AC951C7009CEE12 /* AddLessonSheet.swift */ = {isa = PBXFileReference; lastKnownFileType = sourcecode.swift; path = AddLessonSheet.swift; sourceTree = "<group>"; };
/* End PBXFileReference section */

/* Begin PBXFrameworksBuildPhase section */
		1A0C26382A90BC5E002FE50E /* Frameworks */ = {
			isa = PBXFrameworksBuildPhase;
			buildActionMask = 2147483647;
			files = (
				1AE456972AA5C609009CEE12 /* SwiftNFC in Frameworks */,
				1A0BB4072AFE3AFA00A19359 /* AlertToast in Frameworks */,
			);
			runOnlyForDeploymentPostprocessing = 0;
		};
/* End PBXFrameworksBuildPhase section */

/* Begin PBXGroup section */
		1A0C26322A90BC5E002FE50E = {
			isa = PBXGroup;
			children = (
				1A0C263D2A90BC5E002FE50E /* CHEN */,
				1A0C263C2A90BC5E002FE50E /* Products */,
			);
			sourceTree = "<group>";
		};
		1A0C263C2A90BC5E002FE50E /* Products */ = {
			isa = PBXGroup;
			children = (
				1A0C263B2A90BC5E002FE50E /* CHEN.app */,
			);
			name = Products;
			sourceTree = "<group>";
		};
		1A0C263D2A90BC5E002FE50E /* CHEN */ = {
			isa = PBXGroup;
			children = (
				1AE4568B2AA5C105009CEE12 /* Helpers & Extensions */,
				1AE456862AA569F2009CEE12 /* Entitlements & Misc Info */,
				1AE456832AA5691B009CEE12 /* Lesson Check-in */,
				1AE456822AA56912009CEE12 /* Manage Lessons */,
				1AE456802AA568C9009CEE12 /* Manage Person */,
				1A0C263E2A90BC5E002FE50E /* CHENApp.swift */,
				1A0C26512A90C01C002FE50E /* Models */,
				1A0C26402A90BC5E002FE50E /* HomeView.swift */,
				1A0C26422A90BC60002FE50E /* Assets.xcassets */,
				1A0C26442A90BC60002FE50E /* Preview Content */,
			);
			path = CHEN;
			sourceTree = "<group>";
		};
		1A0C26442A90BC60002FE50E /* Preview Content */ = {
			isa = PBXGroup;
			children = (
				1A0C26452A90BC60002FE50E /* Preview Assets.xcassets */,
			);
			path = "Preview Content";
			sourceTree = "<group>";
		};
		1A0C26512A90C01C002FE50E /* Models */ = {
			isa = PBXGroup;
			children = (
				1A1A5B162A90DD8500B6FDDD /* CHEN.xcdatamodeld */,
				1A1A5B1F2A90E14A00B6FDDD /* DataController.swift */,
			);
			path = Models;
			sourceTree = "<group>";
		};
		1AE456802AA568C9009CEE12 /* Manage Person */ = {
			isa = PBXGroup;
			children = (
				1AE456812AA568E5009CEE12 /* Views */,
			);
			path = "Manage Person";
			sourceTree = "<group>";
		};
		1AE456812AA568E5009CEE12 /* Views */ = {
			isa = PBXGroup;
			children = (
				1A1A5B122A90D75800B6FDDD /* StudentView.swift */,
				1AE4569A2AC92C33009CEE12 /* AddStudentSheet.swift */,
				1A1A5B102A90D06A00B6FDDD /* ManageStudentsView.swift */,
				1A0BB4032AFE04CD00A19359 /* EditStudentView.swift */,
			);
			path = Views;
			sourceTree = "<group>";
		};
		1AE456822AA56912009CEE12 /* Manage Lessons */ = {
			isa = PBXGroup;
			children = (
				1AE456842AA56942009CEE12 /* Views */,
			);
			path = "Manage Lessons";
			sourceTree = "<group>";
		};
		1AE456832AA5691B009CEE12 /* Lesson Check-in */ = {
			isa = PBXGroup;
			children = (
				1AE456852AA5694A009CEE12 /* Views */,
			);
			path = "Lesson Check-in";
			sourceTree = "<group>";
		};
		1AE456842AA56942009CEE12 /* Views */ = {
			isa = PBXGroup;
			children = (
				1AE456872AA56BE3009CEE12 /* ManageLessonsView.swift */,
				1AE456982AC92059009CEE12 /* LessonView.swift */,
				1AE4569C2AC951C7009CEE12 /* AddLessonSheet.swift */,
			);
			path = Views;
			sourceTree = "<group>";
		};
		1AE456852AA5694A009CEE12 /* Views */ = {
			isa = PBXGroup;
			children = (
				1A0C26552A90C4AE002FE50E /* ScanView.swift */,
				1A25B7072AE3E17C00A2B636 /* SelectLessonView.swift */,
			);
			path = Views;
			sourceTree = "<group>";
		};
		1AE456862AA569F2009CEE12 /* Entitlements & Misc Info */ = {
			isa = PBXGroup;
			children = (
				1A0C264E2A90BF7B002FE50E /* CHEN.entitlements */,
			);
			path = "Entitlements & Misc Info";
			sourceTree = "<group>";
		};
		1AE4568B2AA5C105009CEE12 /* Helpers & Extensions */ = {
			isa = PBXGroup;
			children = (
			);
			path = "Helpers & Extensions";
			sourceTree = "<group>";
		};
/* End PBXGroup section */

/* Begin PBXNativeTarget section */
		1A0C263A2A90BC5E002FE50E /* CHEN */ = {
			isa = PBXNativeTarget;
			buildConfigurationList = 1A0C26492A90BC60002FE50E /* Build configuration list for PBXNativeTarget "CHEN" */;
			buildPhases = (
				1A0C26372A90BC5E002FE50E /* Sources */,
				1A0C26382A90BC5E002FE50E /* Frameworks */,
				1A0C26392A90BC5E002FE50E /* Resources */,
			);
			buildRules = (
			);
			dependencies = (
			);
			name = CHEN;
			packageProductDependencies = (
				1AE456962AA5C609009CEE12 /* SwiftNFC */,
				1A0BB4062AFE3AFA00A19359 /* AlertToast */,
			);
			productName = CHEN;
			productReference = 1A0C263B2A90BC5E002FE50E /* CHEN.app */;
			productType = "com.apple.product-type.application";
		};
/* End PBXNativeTarget section */

/* Begin PBXProject section */
		1A0C26332A90BC5E002FE50E /* Project object */ = {
			isa = PBXProject;
			attributes = {
				BuildIndependentTargetsInParallel = 1;
				LastSwiftUpdateCheck = 1420;
				LastUpgradeCheck = 1420;
				TargetAttributes = {
					1A0C263A2A90BC5E002FE50E = {
						CreatedOnToolsVersion = 14.2;
					};
				};
			};
			buildConfigurationList = 1A0C26362A90BC5E002FE50E /* Build configuration list for PBXProject "CHEN" */;
			compatibilityVersion = "Xcode 14.0";
			developmentRegion = en;
			hasScannedForEncodings = 0;
			knownRegions = (
				en,
				Base,
			);
			mainGroup = 1A0C26322A90BC5E002FE50E;
			packageReferences = (
				1AE456952AA5C609009CEE12 /* XCRemoteSwiftPackageReference "SwiftNFC" */,
				1A0BB4052AFE3AFA00A19359 /* XCRemoteSwiftPackageReference "AlertToast" */,
			);
			productRefGroup = 1A0C263C2A90BC5E002FE50E /* Products */;
			projectDirPath = "";
			projectRoot = "";
			targets = (
				1A0C263A2A90BC5E002FE50E /* CHEN */,
			);
		};
/* End PBXProject section */

/* Begin PBXResourcesBuildPhase section */
		1A0C26392A90BC5E002FE50E /* Resources */ = {
			isa = PBXResourcesBuildPhase;
			buildActionMask = 2147483647;
			files = (
				1A0C26462A90BC60002FE50E /* Preview Assets.xcassets in Resources */,
				1A0C26432A90BC60002FE50E /* Assets.xcassets in Resources */,
			);
			runOnlyForDeploymentPostprocessing = 0;
		};
/* End PBXResourcesBuildPhase section */

/* Begin PBXSourcesBuildPhase section */
		1A0C26372A90BC5E002FE50E /* Sources */ = {
			isa = PBXSourcesBuildPhase;
			buildActionMask = 2147483647;
			files = (
				1A1A5B132A90D75800B6FDDD /* StudentView.swift in Sources */,
				1A25B7082AE3E17C00A2B636 /* SelectLessonView.swift in Sources */,
				1A1A5B112A90D06A00B6FDDD /* ManageStudentsView.swift in Sources */,
				1AE456992AC92059009CEE12 /* LessonView.swift in Sources */,
				1A1A5B182A90DD8600B6FDDD /* CHEN.xcdatamodeld in Sources */,
				1A0C26412A90BC5E002FE50E /* HomeView.swift in Sources */,
				1A0C263F2A90BC5E002FE50E /* CHENApp.swift in Sources */,
				1AE4569D2AC951C7009CEE12 /* AddLessonSheet.swift in Sources */,
				1A1A5B202A90E14A00B6FDDD /* DataController.swift in Sources */,
				1A0C26562A90C4AE002FE50E /* ScanView.swift in Sources */,
				1AE456882AA56BE3009CEE12 /* ManageLessonsView.swift in Sources */,
				1A0BB4042AFE04CD00A19359 /* EditStudentView.swift in Sources */,
				1AE4569B2AC92C33009CEE12 /* AddStudentSheet.swift in Sources */,
			);
			runOnlyForDeploymentPostprocessing = 0;
		};
/* End PBXSourcesBuildPhase section */

/* Begin XCBuildConfiguration section */
		1A0C26472A90BC60002FE50E /* Debug */ = {
			isa = XCBuildConfiguration;
			buildSettings = {
				ALWAYS_SEARCH_USER_PATHS = NO;
				CLANG_ANALYZER_NONNULL = YES;
				CLANG_ANALYZER_NUMBER_OBJECT_CONVERSION = YES_AGGRESSIVE;
				CLANG_CXX_LANGUAGE_STANDARD = "gnu++20";
				CLANG_ENABLE_MODULES = YES;
				CLANG_ENABLE_OBJC_ARC = YES;
				CLANG_ENABLE_OBJC_WEAK = YES;
				CLANG_WARN_BLOCK_CAPTURE_AUTORELEASING = YES;
				CLANG_WARN_BOOL_CONVERSION = YES;
				CLANG_WARN_COMMA = YES;
				CLANG_WARN_CONSTANT_CONVERSION = YES;
				CLANG_WARN_DEPRECATED_OBJC_IMPLEMENTATIONS = YES;
				CLANG_WARN_DIRECT_OBJC_ISA_USAGE = YES_ERROR;
				CLANG_WARN_DOCUMENTATION_COMMENTS = YES;
				CLANG_WARN_EMPTY_BODY = YES;
				CLANG_WARN_ENUM_CONVERSION = YES;
				CLANG_WARN_INFINITE_RECURSION = YES;
				CLANG_WARN_INT_CONVERSION = YES;
				CLANG_WARN_NON_LITERAL_NULL_CONVERSION = YES;
				CLANG_WARN_OBJC_IMPLICIT_RETAIN_SELF = YES;
				CLANG_WARN_OBJC_LITERAL_CONVERSION = YES;
				CLANG_WARN_OBJC_ROOT_CLASS = YES_ERROR;
				CLANG_WARN_QUOTED_INCLUDE_IN_FRAMEWORK_HEADER = YES;
				CLANG_WARN_RANGE_LOOP_ANALYSIS = YES;
				CLANG_WARN_STRICT_PROTOTYPES = YES;
				CLANG_WARN_SUSPICIOUS_MOVE = YES;
				CLANG_WARN_UNGUARDED_AVAILABILITY = YES_AGGRESSIVE;
				CLANG_WARN_UNREACHABLE_CODE = YES;
				CLANG_WARN__DUPLICATE_METHOD_MATCH = YES;
				COPY_PHASE_STRIP = NO;
				DEBUG_INFORMATION_FORMAT = dwarf;
				ENABLE_STRICT_OBJC_MSGSEND = YES;
				ENABLE_TESTABILITY = YES;
				GCC_C_LANGUAGE_STANDARD = gnu11;
				GCC_DYNAMIC_NO_PIC = NO;
				GCC_NO_COMMON_BLOCKS = YES;
				GCC_OPTIMIZATION_LEVEL = 0;
				GCC_PREPROCESSOR_DEFINITIONS = (
					"DEBUG=1",
					"$(inherited)",
				);
				GCC_WARN_64_TO_32_BIT_CONVERSION = YES;
				GCC_WARN_ABOUT_RETURN_TYPE = YES_ERROR;
				GCC_WARN_UNDECLARED_SELECTOR = YES;
				GCC_WARN_UNINITIALIZED_AUTOS = YES_AGGRESSIVE;
				GCC_WARN_UNUSED_FUNCTION = YES;
				GCC_WARN_UNUSED_VARIABLE = YES;
				IPHONEOS_DEPLOYMENT_TARGET = 16.2;
				MTL_ENABLE_DEBUG_INFO = INCLUDE_SOURCE;
				MTL_FAST_MATH = YES;
				ONLY_ACTIVE_ARCH = YES;
				SDKROOT = iphoneos;
				SWIFT_ACTIVE_COMPILATION_CONDITIONS = DEBUG;
				SWIFT_OPTIMIZATION_LEVEL = "-Onone";
			};
			name = Debug;
		};
		1A0C26482A90BC60002FE50E /* Release */ = {
			isa = XCBuildConfiguration;
			buildSettings = {
				ALWAYS_SEARCH_USER_PATHS = NO;
				CLANG_ANALYZER_NONNULL = YES;
				CLANG_ANALYZER_NUMBER_OBJECT_CONVERSION = YES_AGGRESSIVE;
				CLANG_CXX_LANGUAGE_STANDARD = "gnu++20";
				CLANG_ENABLE_MODULES = YES;
				CLANG_ENABLE_OBJC_ARC = YES;
				CLANG_ENABLE_OBJC_WEAK = YES;
				CLANG_WARN_BLOCK_CAPTURE_AUTORELEASING = YES;
				CLANG_WARN_BOOL_CONVERSION = YES;
				CLANG_WARN_COMMA = YES;
				CLANG_WARN_CONSTANT_CONVERSION = YES;
				CLANG_WARN_DEPRECATED_OBJC_IMPLEMENTATIONS = YES;
				CLANG_WARN_DIRECT_OBJC_ISA_USAGE = YES_ERROR;
				CLANG_WARN_DOCUMENTATION_COMMENTS = YES;
				CLANG_WARN_EMPTY_BODY = YES;
				CLANG_WARN_ENUM_CONVERSION = YES;
				CLANG_WARN_INFINITE_RECURSION = YES;
				CLANG_WARN_INT_CONVERSION = YES;
				CLANG_WARN_NON_LITERAL_NULL_CONVERSION = YES;
				CLANG_WARN_OBJC_IMPLICIT_RETAIN_SELF = YES;
				CLANG_WARN_OBJC_LITERAL_CONVERSION = YES;
				CLANG_WARN_OBJC_ROOT_CLASS = YES_ERROR;
				CLANG_WARN_QUOTED_INCLUDE_IN_FRAMEWORK_HEADER = YES;
				CLANG_WARN_RANGE_LOOP_ANALYSIS = YES;
				CLANG_WARN_STRICT_PROTOTYPES = YES;
				CLANG_WARN_SUSPICIOUS_MOVE = YES;
				CLANG_WARN_UNGUARDED_AVAILABILITY = YES_AGGRESSIVE;
				CLANG_WARN_UNREACHABLE_CODE = YES;
				CLANG_WARN__DUPLICATE_METHOD_MATCH = YES;
				COPY_PHASE_STRIP = NO;
				DEBUG_INFORMATION_FORMAT = "dwarf-with-dsym";
				ENABLE_NS_ASSERTIONS = NO;
				ENABLE_STRICT_OBJC_MSGSEND = YES;
				GCC_C_LANGUAGE_STANDARD = gnu11;
				GCC_NO_COMMON_BLOCKS = YES;
				GCC_WARN_64_TO_32_BIT_CONVERSION = YES;
				GCC_WARN_ABOUT_RETURN_TYPE = YES_ERROR;
				GCC_WARN_UNDECLARED_SELECTOR = YES;
				GCC_WARN_UNINITIALIZED_AUTOS = YES_AGGRESSIVE;
				GCC_WARN_UNUSED_FUNCTION = YES;
				GCC_WARN_UNUSED_VARIABLE = YES;
				IPHONEOS_DEPLOYMENT_TARGET = 16.2;
				MTL_ENABLE_DEBUG_INFO = NO;
				MTL_FAST_MATH = YES;
				SDKROOT = iphoneos;
				SWIFT_COMPILATION_MODE = wholemodule;
				SWIFT_OPTIMIZATION_LEVEL = "-O";
				VALIDATE_PRODUCT = YES;
			};
			name = Release;
		};
		1A0C264A2A90BC60002FE50E /* Debug */ = {
			isa = XCBuildConfiguration;
			buildSettings = {
				ASSETCATALOG_COMPILER_APPICON_NAME = AppIcon;
				ASSETCATALOG_COMPILER_GLOBAL_ACCENT_COLOR_NAME = AccentColor;
				CODE_SIGN_ENTITLEMENTS = "CHEN/Entitlements & Misc Info/CHEN.entitlements";
				CODE_SIGN_STYLE = Automatic;
				CURRENT_PROJECT_VERSION = 1;
				DEVELOPMENT_ASSET_PATHS = "\"CHEN/Preview Content\"";
				DEVELOPMENT_TEAM = XL5JK4F896;
				ENABLE_PREVIEWS = YES;
				GENERATE_INFOPLIST_FILE = YES;
				INFOPLIST_FILE = "";
				INFOPLIST_KEY_NFCReaderUsageDescription = "For the scanning and writing of cards to facilitate digital check in";
				INFOPLIST_KEY_UIApplicationSceneManifest_Generation = YES;
				INFOPLIST_KEY_UIApplicationSupportsIndirectInputEvents = YES;
				INFOPLIST_KEY_UILaunchScreen_Generation = YES;
				INFOPLIST_KEY_UISupportedInterfaceOrientations_iPad = "UIInterfaceOrientationPortrait UIInterfaceOrientationPortraitUpsideDown UIInterfaceOrientationLandscapeLeft UIInterfaceOrientationLandscapeRight";
				INFOPLIST_KEY_UISupportedInterfaceOrientations_iPhone = "UIInterfaceOrientationPortrait UIInterfaceOrientationLandscapeLeft UIInterfaceOrientationLandscapeRight";
				IPHONEOS_DEPLOYMENT_TARGET = 16.2;
				LD_RUNPATH_SEARCH_PATHS = (
					"$(inherited)",
					"@executable_path/Frameworks",
				);
				MARKETING_VERSION = 1.0;
				PRODUCT_BUNDLE_IDENTIFIER = org.swiftinsg.CHEN;
				PRODUCT_NAME = "$(TARGET_NAME)";
				SUPPORTED_PLATFORMS = "iphoneos iphonesimulator";
				SUPPORTS_MACCATALYST = NO;
				SUPPORTS_MAC_DESIGNED_FOR_IPHONE_IPAD = NO;
				SWIFT_EMIT_LOC_STRINGS = YES;
				SWIFT_VERSION = 5.0;
				TARGETED_DEVICE_FAMILY = 1;
			};
			name = Debug;
		};
		1A0C264B2A90BC60002FE50E /* Release */ = {
			isa = XCBuildConfiguration;
			buildSettings = {
				ASSETCATALOG_COMPILER_APPICON_NAME = AppIcon;
				ASSETCATALOG_COMPILER_GLOBAL_ACCENT_COLOR_NAME = AccentColor;
				CODE_SIGN_ENTITLEMENTS = "CHEN/Entitlements & Misc Info/CHEN.entitlements";
				CODE_SIGN_STYLE = Automatic;
				CURRENT_PROJECT_VERSION = 1;
				DEVELOPMENT_ASSET_PATHS = "\"CHEN/Preview Content\"";
				DEVELOPMENT_TEAM = XL5JK4F896;
				ENABLE_PREVIEWS = YES;
				GENERATE_INFOPLIST_FILE = YES;
				INFOPLIST_FILE = "";
				INFOPLIST_KEY_NFCReaderUsageDescription = "For the scanning and writing of cards to facilitate digital check in";
				INFOPLIST_KEY_UIApplicationSceneManifest_Generation = YES;
				INFOPLIST_KEY_UIApplicationSupportsIndirectInputEvents = YES;
				INFOPLIST_KEY_UILaunchScreen_Generation = YES;
				INFOPLIST_KEY_UISupportedInterfaceOrientations_iPad = "UIInterfaceOrientationPortrait UIInterfaceOrientationPortraitUpsideDown UIInterfaceOrientationLandscapeLeft UIInterfaceOrientationLandscapeRight";
				INFOPLIST_KEY_UISupportedInterfaceOrientations_iPhone = "UIInterfaceOrientationPortrait UIInterfaceOrientationLandscapeLeft UIInterfaceOrientationLandscapeRight";
				IPHONEOS_DEPLOYMENT_TARGET = 16.2;
				LD_RUNPATH_SEARCH_PATHS = (
					"$(inherited)",
					"@executable_path/Frameworks",
				);
				MARKETING_VERSION = 1.0;
				PRODUCT_BUNDLE_IDENTIFIER = org.swiftinsg.CHEN;
				PRODUCT_NAME = "$(TARGET_NAME)";
				SUPPORTED_PLATFORMS = "iphoneos iphonesimulator";
				SUPPORTS_MACCATALYST = NO;
				SUPPORTS_MAC_DESIGNED_FOR_IPHONE_IPAD = NO;
				SWIFT_EMIT_LOC_STRINGS = YES;
				SWIFT_VERSION = 5.0;
				TARGETED_DEVICE_FAMILY = 1;
			};
			name = Release;
		};
/* End XCBuildConfiguration section */

/* Begin XCConfigurationList section */
		1A0C26362A90BC5E002FE50E /* Build configuration list for PBXProject "CHEN" */ = {
			isa = XCConfigurationList;
			buildConfigurations = (
				1A0C26472A90BC60002FE50E /* Debug */,
				1A0C26482A90BC60002FE50E /* Release */,
			);
			defaultConfigurationIsVisible = 0;
			defaultConfigurationName = Release;
		};
		1A0C26492A90BC60002FE50E /* Build configuration list for PBXNativeTarget "CHEN" */ = {
			isa = XCConfigurationList;
			buildConfigurations = (
				1A0C264A2A90BC60002FE50E /* Debug */,
				1A0C264B2A90BC60002FE50E /* Release */,
			);
			defaultConfigurationIsVisible = 0;
			defaultConfigurationName = Release;
		};
/* End XCConfigurationList section */

/* Begin XCRemoteSwiftPackageReference section */
		1A0BB4052AFE3AFA00A19359 /* XCRemoteSwiftPackageReference "AlertToast" */ = {
			isa = XCRemoteSwiftPackageReference;
			repositoryURL = "https://github.com/elai950/AlertToast";
			requirement = {
				kind = upToNextMajorVersion;
				minimumVersion = 1.0.0;
			};
		};
		1AE456952AA5C609009CEE12 /* XCRemoteSwiftPackageReference "SwiftNFC" */ = {
			isa = XCRemoteSwiftPackageReference;
			repositoryURL = "https://github.com/serotonincrash/SwiftNFC";
			requirement = {
				kind = upToNextMajorVersion;
				minimumVersion = 1.0.0;
			};
		};
/* End XCRemoteSwiftPackageReference section */

/* Begin XCSwiftPackageProductDependency section */
		1A0BB4062AFE3AFA00A19359 /* AlertToast */ = {
			isa = XCSwiftPackageProductDependency;
			package = 1A0BB4052AFE3AFA00A19359 /* XCRemoteSwiftPackageReference "AlertToast" */;
			productName = AlertToast;
		};
		1AE456962AA5C609009CEE12 /* SwiftNFC */ = {
			isa = XCSwiftPackageProductDependency;
			package = 1AE456952AA5C609009CEE12 /* XCRemoteSwiftPackageReference "SwiftNFC" */;
			productName = SwiftNFC;
		};
/* End XCSwiftPackageProductDependency section */

/* Begin XCVersionGroup section */
		1A1A5B162A90DD8500B6FDDD /* CHEN.xcdatamodeld */ = {
			isa = XCVersionGroup;
			children = (
				1A1A5B172A90DD8500B6FDDD /* CHEN.xcdatamodel */,
			);
			currentVersion = 1A1A5B172A90DD8500B6FDDD /* CHEN.xcdatamodel */;
			path = CHEN.xcdatamodeld;
			sourceTree = "<group>";
			versionGroupType = wrapper.xcdatamodel;
		};
/* End XCVersionGroup section */
	};
	rootObject = 1A0C26332A90BC5E002FE50E /* Project object */;
}
